
Microsoft Visual Studio Solution File, Format Version 12.00
# Visual Studio Version 17
VisualStudioVersion = 17.5.33516.290
MinimumVisualStudioVersion = 10.0.40219.1
Project("{778DAE3C-4631-46EA-AA77-85C1314464D9}") = "WontingOfSplorr", "WontingOfSplorr\WontingOfSplorr.vbproj", "{1D0B0EC8-7239-4F07-82E2-DC2296DA7977}"
EndProject
Project("{778DAE3C-4631-46EA-AA77-85C1314464D9}") = "SPLORR.Game", "..\abettor-of-splorr\src\SPLORR.Game\SPLORR.Game.vbproj", "{5316A870-69B5-4F98-BD2D-6260DFA00C59}"
EndProject
Project("{778DAE3C-4631-46EA-AA77-85C1314464D9}") = "AOS.UI", "..\abettor-of-splorr\src\AOS.UI\AOS.UI.vbproj", "{BEF96342-5A5A-49EA-BCCC-2D37AB27FEAA}"
EndProject
Project("{778DAE3C-4631-46EA-AA77-85C1314464D9}") = "AOS.Presentation", "..\abettor-of-splorr\src\AOS.Presentation\AOS.Presentation.vbproj", "{578DD030-D382-411C-8E5E-083A9D9938AC}"
EndProject
Project("{2150E333-8FDC-42A3-9474-1A3956D46DE8}") = "Submodule", "Submodule", "{0475EE83-DC0E-4ACF-BB35-AA32700E3A0E}"
EndProject
Project("{778DAE3C-4631-46EA-AA77-85C1314464D9}") = "WOS.Application", "WOS.Application\WOS.Application.vbproj", "{97BCAD2D-1429-4E57-A34C-9A96ECC7A639}"
EndProject
Project("{778DAE3C-4631-46EA-AA77-85C1314464D9}") = "WOS.Business", "WOS.Business\WOS.Business.vbproj", "{360DA931-0ECB-4526-835F-E14E18A085B4}"
EndProject
Project("{778DAE3C-4631-46EA-AA77-85C1314464D9}") = "WOS.Data", "WOS.Data\WOS.Data.vbproj", "{771890BA-8555-497A-8E02-FA254F5833C5}"
EndProject
Project("{2150E333-8FDC-42A3-9474-1A3956D46DE8}") = "_STUFF", "_STUFF", "{0C77C93D-816A-4268-937A-CA792A30031A}"
	ProjectSection(SolutionItems) = preProject
		..\README.md = ..\README.md
		..\shippit.sh = ..\shippit.sh
	EndProjectSection
EndProject
Project("{F184B08F-C81C-45F6-A57F-5ABD9991F28F}") = "MazeTester", "MazeTester\MazeTester.vbproj", "{3F7F96DE-A57D-447D-AD91-D5E63FC214D7}"
EndProject
Global
	GlobalSection(SolutionConfigurationPlatforms) = preSolution
		Debug|Any CPU = Debug|Any CPU
		Release|Any CPU = Release|Any CPU
	EndGlobalSection
	GlobalSection(ProjectConfigurationPlatforms) = postSolution
		{1D0B0EC8-7239-4F07-82E2-DC2296DA7977}.Debug|Any CPU.ActiveCfg = Debug|Any CPU
		{1D0B0EC8-7239-4F07-82E2-DC2296DA7977}.Debug|Any CPU.Build.0 = Debug|Any CPU
		{1D0B0EC8-7239-4F07-82E2-DC2296DA7977}.Release|Any CPU.ActiveCfg = Release|Any CPU
		{1D0B0EC8-7239-4F07-82E2-DC2296DA7977}.Release|Any CPU.Build.0 = Release|Any CPU
		{5316A870-69B5-4F98-BD2D-6260DFA00C59}.Debug|Any CPU.ActiveCfg = Debug|Any CPU
		{5316A870-69B5-4F98-BD2D-6260DFA00C59}.Debug|Any CPU.Build.0 = Debug|Any CPU
		{5316A870-69B5-4F98-BD2D-6260DFA00C59}.Release|Any CPU.ActiveCfg = Release|Any CPU
		{5316A870-69B5-4F98-BD2D-6260DFA00C59}.Release|Any CPU.Build.0 = Release|Any CPU
		{BEF96342-5A5A-49EA-BCCC-2D37AB27FEAA}.Debug|Any CPU.ActiveCfg = Debug|Any CPU
		{BEF96342-5A5A-49EA-BCCC-2D37AB27FEAA}.Debug|Any CPU.Build.0 = Debug|Any CPU
		{BEF96342-5A5A-49EA-BCCC-2D37AB27FEAA}.Release|Any CPU.ActiveCfg = Release|Any CPU
		{BEF96342-5A5A-49EA-BCCC-2D37AB27FEAA}.Release|Any CPU.Build.0 = Release|Any CPU
		{578DD030-D382-411C-8E5E-083A9D9938AC}.Debug|Any CPU.ActiveCfg = Debug|Any CPU
		{578DD030-D382-411C-8E5E-083A9D9938AC}.Debug|Any CPU.Build.0 = Debug|Any CPU
		{578DD030-D382-411C-8E5E-083A9D9938AC}.Release|Any CPU.ActiveCfg = Release|Any CPU
		{578DD030-D382-411C-8E5E-083A9D9938AC}.Release|Any CPU.Build.0 = Release|Any CPU
		{97BCAD2D-1429-4E57-A34C-9A96ECC7A639}.Debug|Any CPU.ActiveCfg = Debug|Any CPU
		{97BCAD2D-1429-4E57-A34C-9A96ECC7A639}.Debug|Any CPU.Build.0 = Debug|Any CPU
		{97BCAD2D-1429-4E57-A34C-9A96ECC7A639}.Release|Any CPU.ActiveCfg = Release|Any CPU
		{97BCAD2D-1429-4E57-A34C-9A96ECC7A639}.Release|Any CPU.Build.0 = Release|Any CPU
		{360DA931-0ECB-4526-835F-E14E18A085B4}.Debug|Any CPU.ActiveCfg = Debug|Any CPU
		{360DA931-0ECB-4526-835F-E14E18A085B4}.Debug|Any CPU.Build.0 = Debug|Any CPU
		{360DA931-0ECB-4526-835F-E14E18A085B4}.Release|Any CPU.ActiveCfg = Release|Any CPU
		{360DA931-0ECB-4526-835F-E14E18A085B4}.Release|Any CPU.Build.0 = Release|Any CPU
		{771890BA-8555-497A-8E02-FA254F5833C5}.Debug|Any CPU.ActiveCfg = Debug|Any CPU
		{771890BA-8555-497A-8E02-FA254F5833C5}.Debug|Any CPU.Build.0 = Debug|Any CPU
		{771890BA-8555-497A-8E02-FA254F5833C5}.Release|Any CPU.ActiveCfg = Release|Any CPU
		{771890BA-8555-497A-8E02-FA254F5833C5}.Release|Any CPU.Build.0 = Release|Any CPU
		{3F7F96DE-A57D-447D-AD91-D5E63FC214D7}.Debug|Any CPU.ActiveCfg = Debug|Any CPU
		{3F7F96DE-A57D-447D-AD91-D5E63FC214D7}.Debug|Any CPU.Build.0 = Debug|Any CPU
		{3F7F96DE-A57D-447D-AD91-D5E63FC214D7}.Release|Any CPU.ActiveCfg = Release|Any CPU
		{3F7F96DE-A57D-447D-AD91-D5E63FC214D7}.Release|Any CPU.Build.0 = Release|Any CPU
	EndGlobalSection
	GlobalSection(SolutionProperties) = preSolution
		HideSolutionNode = FALSE
	EndGlobalSection
	GlobalSection(NestedProjects) = preSolution
		{5316A870-69B5-4F98-BD2D-6260DFA00C59} = {0475EE83-DC0E-4ACF-BB35-AA32700E3A0E}
		{BEF96342-5A5A-49EA-BCCC-2D37AB27FEAA} = {0475EE83-DC0E-4ACF-BB35-AA32700E3A0E}
		{578DD030-D382-411C-8E5E-083A9D9938AC} = {0475EE83-DC0E-4ACF-BB35-AA32700E3A0E}
	EndGlobalSection
	GlobalSection(ExtensibilityGlobals) = postSolution
		SolutionGuid = {1552099D-4E75-424C-A703-1496B8E68E87}
	EndGlobalSection
EndGlobal
